// !$*UTF8*$!
{
	archiveVersion = 1;
	classes = {
	};
	objectVersion = 55;
	objects = {

/* Begin PBXBuildFile section */
		1EB7D51A49161E7BBC02F467 /* Pods_test.framework in Frameworks */ = {isa = PBXBuildFile; fileRef = B980EAD12C9D8EBB042F4695 /* Pods_test.framework */; };
		9D1E4C64F048362C048ADE30 /* Pods_test_testUITests.framework in Frameworks */ = {isa = PBXBuildFile; fileRef = 0C9EFEEB59E10EB8B96FD8BC /* Pods_test_testUITests.framework */; };
		9F6FFFB87A7D6B14D7D68554 /* Pods_testTests.framework in Frameworks */ = {isa = PBXBuildFile; fileRef = 582F6831CE79CB7ED8AB1E68 /* Pods_testTests.framework */; };
		CEEC2FE7276C9EFF003898FC /* AppDelegate.swift in Sources */ = {isa = PBXBuildFile; fileRef = CEEC2FE6276C9EFF003898FC /* AppDelegate.swift */; };
		CEEC2FE9276C9EFF003898FC /* SceneDelegate.swift in Sources */ = {isa = PBXBuildFile; fileRef = CEEC2FE8276C9EFF003898FC /* SceneDelegate.swift */; };
		CEEC2FEB276C9EFF003898FC /* ViewController.swift in Sources */ = {isa = PBXBuildFile; fileRef = CEEC2FEA276C9EFF003898FC /* ViewController.swift */; };
		CEEC2FEE276C9EFF003898FC /* Main.storyboard in Resources */ = {isa = PBXBuildFile; fileRef = CEEC2FEC276C9EFF003898FC /* Main.storyboard */; };
		CEEC2FF0276C9F00003898FC /* Assets.xcassets in Resources */ = {isa = PBXBuildFile; fileRef = CEEC2FEF276C9F00003898FC /* Assets.xcassets */; };
		CEEC2FF3276C9F00003898FC /* LaunchScreen.storyboard in Resources */ = {isa = PBXBuildFile; fileRef = CEEC2FF1276C9F00003898FC /* LaunchScreen.storyboard */; };
		CEEC2FFE276C9F00003898FC /* testTests.swift in Sources */ = {isa = PBXBuildFile; fileRef = CEEC2FFD276C9F00003898FC /* testTests.swift */; };
		CEEC3008276C9F00003898FC /* testUITests.swift in Sources */ = {isa = PBXBuildFile; fileRef = CEEC3007276C9F00003898FC /* testUITests.swift */; };
		CEEC300A276C9F00003898FC /* testUITestsLaunchTests.swift in Sources */ = {isa = PBXBuildFile; fileRef = CEEC3009276C9F00003898FC /* testUITestsLaunchTests.swift */; };
		CEEC3017276CA6C9003898FC /* HomeController.swift in Sources */ = {isa = PBXBuildFile; fileRef = CEEC3016276CA6C9003898FC /* HomeController.swift */; };
		CEEC301A276CAAEF003898FC /* Service.swift in Sources */ = {isa = PBXBuildFile; fileRef = CEEC3019276CAAEF003898FC /* Service.swift */; };
		CEEC301C276CAFDC003898FC /* GetModel.swift in Sources */ = {isa = PBXBuildFile; fileRef = CEEC301B276CAFDC003898FC /* GetModel.swift */; };
		CEEC301E276CDCBD003898FC /* PeopleController.swift in Sources */ = {isa = PBXBuildFile; fileRef = CEEC301D276CDCBD003898FC /* PeopleController.swift */; };
		CEEC3020276D1154003898FC /* GetMessageCount.swift in Sources */ = {isa = PBXBuildFile; fileRef = CEEC301F276D1154003898FC /* GetMessageCount.swift */; };
		CEEC3022276D2314003898FC /* DetailController.swift in Sources */ = {isa = PBXBuildFile; fileRef = CEEC3021276D2314003898FC /* DetailController.swift */; };
/* End PBXBuildFile section */

/* Begin PBXContainerItemProxy section */
		CEEC2FFA276C9F00003898FC /* PBXContainerItemProxy */ = {
			isa = PBXContainerItemProxy;
			containerPortal = CEEC2FDB276C9EFE003898FC /* Project object */;
			proxyType = 1;
			remoteGlobalIDString = CEEC2FE2276C9EFF003898FC;
			remoteInfo = test;
		};
		CEEC3004276C9F00003898FC /* PBXContainerItemProxy */ = {
			isa = PBXContainerItemProxy;
			containerPortal = CEEC2FDB276C9EFE003898FC /* Project object */;
			proxyType = 1;
			remoteGlobalIDString = CEEC2FE2276C9EFF003898FC;
			remoteInfo = test;
		};
/* End PBXContainerItemProxy section */

/* Begin PBXFileReference section */
		0C9EFEEB59E10EB8B96FD8BC /* Pods_test_testUITests.framework */ = {isa = PBXFileReference; explicitFileType = wrapper.framework; includeInIndex = 0; path = Pods_test_testUITests.framework; sourceTree = BUILT_PRODUCTS_DIR; };
		2422750E1EC036B8A609A71F /* Pods-test.debug.xcconfig */ = {isa = PBXFileReference; includeInIndex = 1; lastKnownFileType = text.xcconfig; name = "Pods-test.debug.xcconfig"; path = "Target Support Files/Pods-test/Pods-test.debug.xcconfig"; sourceTree = "<group>"; };
		4250A79AA1E165276C3E6152 /* Pods-testTests.debug.xcconfig */ = {isa = PBXFileReference; includeInIndex = 1; lastKnownFileType = text.xcconfig; name = "Pods-testTests.debug.xcconfig"; path = "Target Support Files/Pods-testTests/Pods-testTests.debug.xcconfig"; sourceTree = "<group>"; };
		4340191D3026E2E3D8FC9756 /* Pods-test.release.xcconfig */ = {isa = PBXFileReference; includeInIndex = 1; lastKnownFileType = text.xcconfig; name = "Pods-test.release.xcconfig"; path = "Target Support Files/Pods-test/Pods-test.release.xcconfig"; sourceTree = "<group>"; };
		44BE22E973F04FA0A707AF7E /* Pods-test-testUITests.release.xcconfig */ = {isa = PBXFileReference; includeInIndex = 1; lastKnownFileType = text.xcconfig; name = "Pods-test-testUITests.release.xcconfig"; path = "Target Support Files/Pods-test-testUITests/Pods-test-testUITests.release.xcconfig"; sourceTree = "<group>"; };
		582F6831CE79CB7ED8AB1E68 /* Pods_testTests.framework */ = {isa = PBXFileReference; explicitFileType = wrapper.framework; includeInIndex = 0; path = Pods_testTests.framework; sourceTree = BUILT_PRODUCTS_DIR; };
		69D679A27BC4FAC927F64427 /* Pods-testTests.release.xcconfig */ = {isa = PBXFileReference; includeInIndex = 1; lastKnownFileType = text.xcconfig; name = "Pods-testTests.release.xcconfig"; path = "Target Support Files/Pods-testTests/Pods-testTests.release.xcconfig"; sourceTree = "<group>"; };
		82B0F2502B3428F63FAF11D2 /* Pods-test-testUITests.debug.xcconfig */ = {isa = PBXFileReference; includeInIndex = 1; lastKnownFileType = text.xcconfig; name = "Pods-test-testUITests.debug.xcconfig"; path = "Target Support Files/Pods-test-testUITests/Pods-test-testUITests.debug.xcconfig"; sourceTree = "<group>"; };
		B980EAD12C9D8EBB042F4695 /* Pods_test.framework */ = {isa = PBXFileReference; explicitFileType = wrapper.framework; includeInIndex = 0; path = Pods_test.framework; sourceTree = BUILT_PRODUCTS_DIR; };
		CEEC2FE3276C9EFF003898FC /* test.app */ = {isa = PBXFileReference; explicitFileType = wrapper.application; includeInIndex = 0; path = test.app; sourceTree = BUILT_PRODUCTS_DIR; };
		CEEC2FE6276C9EFF003898FC /* AppDelegate.swift */ = {isa = PBXFileReference; lastKnownFileType = sourcecode.swift; path = AppDelegate.swift; sourceTree = "<group>"; };
		CEEC2FE8276C9EFF003898FC /* SceneDelegate.swift */ = {isa = PBXFileReference; lastKnownFileType = sourcecode.swift; path = SceneDelegate.swift; sourceTree = "<group>"; };
		CEEC2FEA276C9EFF003898FC /* ViewController.swift */ = {isa = PBXFileReference; lastKnownFileType = sourcecode.swift; path = ViewController.swift; sourceTree = "<group>"; };
		CEEC2FED276C9EFF003898FC /* Base */ = {isa = PBXFileReference; lastKnownFileType = file.storyboard; name = Base; path = Base.lproj/Main.storyboard; sourceTree = "<group>"; };
		CEEC2FEF276C9F00003898FC /* Assets.xcassets */ = {isa = PBXFileReference; lastKnownFileType = folder.assetcatalog; path = Assets.xcassets; sourceTree = "<group>"; };
		CEEC2FF2276C9F00003898FC /* Base */ = {isa = PBXFileReference; lastKnownFileType = file.storyboard; name = Base; path = Base.lproj/LaunchScreen.storyboard; sourceTree = "<group>"; };
		CEEC2FF4276C9F00003898FC /* Info.plist */ = {isa = PBXFileReference; lastKnownFileType = text.plist.xml; path = Info.plist; sourceTree = "<group>"; };
		CEEC2FF9276C9F00003898FC /* testTests.xctest */ = {isa = PBXFileReference; explicitFileType = wrapper.cfbundle; includeInIndex = 0; path = testTests.xctest; sourceTree = BUILT_PRODUCTS_DIR; };
		CEEC2FFD276C9F00003898FC /* testTests.swift */ = {isa = PBXFileReference; lastKnownFileType = sourcecode.swift; path = testTests.swift; sourceTree = "<group>"; };
		CEEC3003276C9F00003898FC /* testUITests.xctest */ = {isa = PBXFileReference; explicitFileType = wrapper.cfbundle; includeInIndex = 0; path = testUITests.xctest; sourceTree = BUILT_PRODUCTS_DIR; };
		CEEC3007276C9F00003898FC /* testUITests.swift */ = {isa = PBXFileReference; lastKnownFileType = sourcecode.swift; path = testUITests.swift; sourceTree = "<group>"; };
		CEEC3009276C9F00003898FC /* testUITestsLaunchTests.swift */ = {isa = PBXFileReference; lastKnownFileType = sourcecode.swift; path = testUITestsLaunchTests.swift; sourceTree = "<group>"; };
		CEEC3016276CA6C9003898FC /* HomeController.swift */ = {isa = PBXFileReference; lastKnownFileType = sourcecode.swift; path = HomeController.swift; sourceTree = "<group>"; };
		CEEC3019276CAAEF003898FC /* Service.swift */ = {isa = PBXFileReference; lastKnownFileType = sourcecode.swift; path = Service.swift; sourceTree = "<group>"; };
		CEEC301B276CAFDC003898FC /* GetModel.swift */ = {isa = PBXFileReference; lastKnownFileType = sourcecode.swift; path = GetModel.swift; sourceTree = "<group>"; };
		CEEC301D276CDCBD003898FC /* PeopleController.swift */ = {isa = PBXFileReference; lastKnownFileType = sourcecode.swift; path = PeopleController.swift; sourceTree = "<group>"; };
		CEEC301F276D1154003898FC /* GetMessageCount.swift */ = {isa = PBXFileReference; lastKnownFileType = sourcecode.swift; path = GetMessageCount.swift; sourceTree = "<group>"; };
		CEEC3021276D2314003898FC /* DetailController.swift */ = {isa = PBXFileReference; lastKnownFileType = sourcecode.swift; path = DetailController.swift; sourceTree = "<group>"; };
/* End PBXFileReference section */

/* Begin PBXFrameworksBuildPhase section */
		CEEC2FE0276C9EFF003898FC /* Frameworks */ = {
			isa = PBXFrameworksBuildPhase;
			buildActionMask = 2147483647;
			files = (
				1EB7D51A49161E7BBC02F467 /* Pods_test.framework in Frameworks */,
			);
			runOnlyForDeploymentPostprocessing = 0;
		};
		CEEC2FF6276C9F00003898FC /* Frameworks */ = {
			isa = PBXFrameworksBuildPhase;
			buildActionMask = 2147483647;
			files = (
				9F6FFFB87A7D6B14D7D68554 /* Pods_testTests.framework in Frameworks */,
			);
			runOnlyForDeploymentPostprocessing = 0;
		};
		CEEC3000276C9F00003898FC /* Frameworks */ = {
			isa = PBXFrameworksBuildPhase;
			buildActionMask = 2147483647;
			files = (
				9D1E4C64F048362C048ADE30 /* Pods_test_testUITests.framework in Frameworks */,
			);
			runOnlyForDeploymentPostprocessing = 0;
		};
/* End PBXFrameworksBuildPhase section */

/* Begin PBXGroup section */
		6E76109525B91C0AF03F01CA /* Frameworks */ = {
			isa = PBXGroup;
			children = (
				B980EAD12C9D8EBB042F4695 /* Pods_test.framework */,
				0C9EFEEB59E10EB8B96FD8BC /* Pods_test_testUITests.framework */,
				582F6831CE79CB7ED8AB1E68 /* Pods_testTests.framework */,
			);
			name = Frameworks;
			sourceTree = "<group>";
		};
		CEEC2FDA276C9EFE003898FC = {
			isa = PBXGroup;
			children = (
				CEEC2FE5276C9EFF003898FC /* test */,
				CEEC2FFC276C9F00003898FC /* testTests */,
				CEEC3006276C9F00003898FC /* testUITests */,
				CEEC2FE4276C9EFF003898FC /* Products */,
				F361B4324D9A508C27970576 /* Pods */,
				6E76109525B91C0AF03F01CA /* Frameworks */,
			);
			sourceTree = "<group>";
		};
		CEEC2FE4276C9EFF003898FC /* Products */ = {
			isa = PBXGroup;
			children = (
				CEEC2FE3276C9EFF003898FC /* test.app */,
				CEEC2FF9276C9F00003898FC /* testTests.xctest */,
				CEEC3003276C9F00003898FC /* testUITests.xctest */,
			);
			name = Products;
			sourceTree = "<group>";
		};
		CEEC2FE5276C9EFF003898FC /* test */ = {
			isa = PBXGroup;
			children = (
				CEEC3018276CAAD0003898FC /* Service */,
				CEEC2FE6276C9EFF003898FC /* AppDelegate.swift */,
				CEEC2FE8276C9EFF003898FC /* SceneDelegate.swift */,
				CEEC2FEA276C9EFF003898FC /* ViewController.swift */,
				CEEC3016276CA6C9003898FC /* HomeController.swift */,
				CEEC301D276CDCBD003898FC /* PeopleController.swift */,
				CEEC3021276D2314003898FC /* DetailController.swift */,
				CEEC2FEC276C9EFF003898FC /* Main.storyboard */,
				CEEC2FEF276C9F00003898FC /* Assets.xcassets */,
				CEEC2FF1276C9F00003898FC /* LaunchScreen.storyboard */,
				CEEC2FF4276C9F00003898FC /* Info.plist */,
			);
			path = test;
			sourceTree = "<group>";
		};
		CEEC2FFC276C9F00003898FC /* testTests */ = {
			isa = PBXGroup;
			children = (
				CEEC2FFD276C9F00003898FC /* testTests.swift */,
			);
			path = testTests;
			sourceTree = "<group>";
		};
		CEEC3006276C9F00003898FC /* testUITests */ = {
			isa = PBXGroup;
			children = (
				CEEC3007276C9F00003898FC /* testUITests.swift */,
				CEEC3009276C9F00003898FC /* testUITestsLaunchTests.swift */,
			);
			path = testUITests;
			sourceTree = "<group>";
		};
		CEEC3018276CAAD0003898FC /* Service */ = {
			isa = PBXGroup;
			children = (
				CEEC3019276CAAEF003898FC /* Service.swift */,
				CEEC301B276CAFDC003898FC /* GetModel.swift */,
				CEEC301F276D1154003898FC /* GetMessageCount.swift */,
			);
			path = Service;
			sourceTree = "<group>";
		};
		F361B4324D9A508C27970576 /* Pods */ = {
			isa = PBXGroup;
			children = (
				2422750E1EC036B8A609A71F /* Pods-test.debug.xcconfig */,
				4340191D3026E2E3D8FC9756 /* Pods-test.release.xcconfig */,
				82B0F2502B3428F63FAF11D2 /* Pods-test-testUITests.debug.xcconfig */,
				44BE22E973F04FA0A707AF7E /* Pods-test-testUITests.release.xcconfig */,
				4250A79AA1E165276C3E6152 /* Pods-testTests.debug.xcconfig */,
				69D679A27BC4FAC927F64427 /* Pods-testTests.release.xcconfig */,
			);
			path = Pods;
			sourceTree = "<group>";
		};
/* End PBXGroup section */

/* Begin PBXNativeTarget section */
		CEEC2FE2276C9EFF003898FC /* test */ = {
			isa = PBXNativeTarget;
			buildConfigurationList = CEEC300D276C9F00003898FC /* Build configuration list for PBXNativeTarget "test" */;
			buildPhases = (
				B1251D61E99E74D0D0F4909D /* [CP] Check Pods Manifest.lock */,
				CEEC2FDF276C9EFF003898FC /* Sources */,
				CEEC2FE0276C9EFF003898FC /* Frameworks */,
				CEEC2FE1276C9EFF003898FC /* Resources */,
				4B137A91DD7A2E2A0C5F8F1D /* [CP] Embed Pods Frameworks */,
			);
			buildRules = (
			);
			dependencies = (
			);
			name = test;
			productName = test;
			productReference = CEEC2FE3276C9EFF003898FC /* test.app */;
			productType = "com.apple.product-type.application";
		};
		CEEC2FF8276C9F00003898FC /* testTests */ = {
			isa = PBXNativeTarget;
			buildConfigurationList = CEEC3010276C9F00003898FC /* Build configuration list for PBXNativeTarget "testTests" */;
			buildPhases = (
				2D1CFC7CEE5A7276485EE71C /* [CP] Check Pods Manifest.lock */,
				CEEC2FF5276C9F00003898FC /* Sources */,
				CEEC2FF6276C9F00003898FC /* Frameworks */,
				CEEC2FF7276C9F00003898FC /* Resources */,
			);
			buildRules = (
			);
			dependencies = (
				CEEC2FFB276C9F00003898FC /* PBXTargetDependency */,
			);
			name = testTests;
			productName = testTests;
			productReference = CEEC2FF9276C9F00003898FC /* testTests.xctest */;
			productType = "com.apple.product-type.bundle.unit-test";
		};
		CEEC3002276C9F00003898FC /* testUITests */ = {
			isa = PBXNativeTarget;
			buildConfigurationList = CEEC3013276C9F00003898FC /* Build configuration list for PBXNativeTarget "testUITests" */;
			buildPhases = (
				D7921355D00FDACAE67EC863 /* [CP] Check Pods Manifest.lock */,
				CEEC2FFF276C9F00003898FC /* Sources */,
				CEEC3000276C9F00003898FC /* Frameworks */,
				CEEC3001276C9F00003898FC /* Resources */,
				E8C85014A616C1B53A6E6561 /* [CP] Embed Pods Frameworks */,
			);
			buildRules = (
			);
			dependencies = (
				CEEC3005276C9F00003898FC /* PBXTargetDependency */,
			);
			name = testUITests;
			productName = testUITests;
			productReference = CEEC3003276C9F00003898FC /* testUITests.xctest */;
			productType = "com.apple.product-type.bundle.ui-testing";
		};
/* End PBXNativeTarget section */

/* Begin PBXProject section */
		CEEC2FDB276C9EFE003898FC /* Project object */ = {
			isa = PBXProject;
			attributes = {
				BuildIndependentTargetsInParallel = 1;
				LastSwiftUpdateCheck = 1310;
				LastUpgradeCheck = 1310;
				TargetAttributes = {
					CEEC2FE2276C9EFF003898FC = {
						CreatedOnToolsVersion = 13.1;
					};
					CEEC2FF8276C9F00003898FC = {
						CreatedOnToolsVersion = 13.1;
						TestTargetID = CEEC2FE2276C9EFF003898FC;
					};
					CEEC3002276C9F00003898FC = {
						CreatedOnToolsVersion = 13.1;
						TestTargetID = CEEC2FE2276C9EFF003898FC;
					};
				};
			};
			buildConfigurationList = CEEC2FDE276C9EFE003898FC /* Build configuration list for PBXProject "test" */;
			compatibilityVersion = "Xcode 13.0";
			developmentRegion = en;
			hasScannedForEncodings = 0;
			knownRegions = (
				en,
				Base,
			);
			mainGroup = CEEC2FDA276C9EFE003898FC;
			productRefGroup = CEEC2FE4276C9EFF003898FC /* Products */;
			projectDirPath = "";
			projectRoot = "";
			targets = (
				CEEC2FE2276C9EFF003898FC /* test */,
				CEEC2FF8276C9F00003898FC /* testTests */,
				CEEC3002276C9F00003898FC /* testUITests */,
			);
		};
/* End PBXProject section */

/* Begin PBXResourcesBuildPhase section */
		CEEC2FE1276C9EFF003898FC /* Resources */ = {
			isa = PBXResourcesBuildPhase;
			buildActionMask = 2147483647;
			files = (
				CEEC2FF3276C9F00003898FC /* LaunchScreen.storyboard in Resources */,
				CEEC2FF0276C9F00003898FC /* Assets.xcassets in Resources */,
				CEEC2FEE276C9EFF003898FC /* Main.storyboard in Resources */,
			);
			runOnlyForDeploymentPostprocessing = 0;
		};
		CEEC2FF7276C9F00003898FC /* Resources */ = {
			isa = PBXResourcesBuildPhase;
			buildActionMask = 2147483647;
			files = (
			);
			runOnlyForDeploymentPostprocessing = 0;
		};
		CEEC3001276C9F00003898FC /* Resources */ = {
			isa = PBXResourcesBuildPhase;
			buildActionMask = 2147483647;
			files = (
			);
			runOnlyForDeploymentPostprocessing = 0;
		};
/* End PBXResourcesBuildPhase section */

/* Begin PBXShellScriptBuildPhase section */
		2D1CFC7CEE5A7276485EE71C /* [CP] Check Pods Manifest.lock */ = {
			isa = PBXShellScriptBuildPhase;
			buildActionMask = 2147483647;
			files = (
			);
			inputFileListPaths = (
			);
			inputPaths = (
				"${PODS_PODFILE_DIR_PATH}/Podfile.lock",
				"${PODS_ROOT}/Manifest.lock",
			);
			name = "[CP] Check Pods Manifest.lock";
			outputFileListPaths = (
			);
			outputPaths = (
				"$(DERIVED_FILE_DIR)/Pods-testTests-checkManifestLockResult.txt",
			);
			runOnlyForDeploymentPostprocessing = 0;
			shellPath = /bin/sh;
			shellScript = "diff \"${PODS_PODFILE_DIR_PATH}/Podfile.lock\" \"${PODS_ROOT}/Manifest.lock\" > /dev/null\nif [ $? != 0 ] ; then\n    # print error to STDERR\n    echo \"error: The sandbox is not in sync with the Podfile.lock. Run 'pod install' or update your CocoaPods installation.\" >&2\n    exit 1\nfi\n# This output is used by Xcode 'outputs' to avoid re-running this script phase.\necho \"SUCCESS\" > \"${SCRIPT_OUTPUT_FILE_0}\"\n";
			showEnvVarsInLog = 0;
		};
		4B137A91DD7A2E2A0C5F8F1D /* [CP] Embed Pods Frameworks */ = {
			isa = PBXShellScriptBuildPhase;
			buildActionMask = 2147483647;
			files = (
			);
			inputFileListPaths = (
				"${PODS_ROOT}/Target Support Files/Pods-test/Pods-test-frameworks-${CONFIGURATION}-input-files.xcfilelist",
			);
			name = "[CP] Embed Pods Frameworks";
			outputFileListPaths = (
				"${PODS_ROOT}/Target Support Files/Pods-test/Pods-test-frameworks-${CONFIGURATION}-output-files.xcfilelist",
			);
			runOnlyForDeploymentPostprocessing = 0;
			shellPath = /bin/sh;
			shellScript = "\"${PODS_ROOT}/Target Support Files/Pods-test/Pods-test-frameworks.sh\"\n";
			showEnvVarsInLog = 0;
		};
		B1251D61E99E74D0D0F4909D /* [CP] Check Pods Manifest.lock */ = {
			isa = PBXShellScriptBuildPhase;
			buildActionMask = 2147483647;
			files = (
			);
			inputFileListPaths = (
			);
			inputPaths = (
				"${PODS_PODFILE_DIR_PATH}/Podfile.lock",
				"${PODS_ROOT}/Manifest.lock",
			);
			name = "[CP] Check Pods Manifest.lock";
			outputFileListPaths = (
			);
			outputPaths = (
				"$(DERIVED_FILE_DIR)/Pods-test-checkManifestLockResult.txt",
			);
			runOnlyForDeploymentPostprocessing = 0;
			shellPath = /bin/sh;
			shellScript = "diff \"${PODS_PODFILE_DIR_PATH}/Podfile.lock\" \"${PODS_ROOT}/Manifest.lock\" > /dev/null\nif [ $? != 0 ] ; then\n    # print error to STDERR\n    echo \"error: The sandbox is not in sync with the Podfile.lock. Run 'pod install' or update your CocoaPods installation.\" >&2\n    exit 1\nfi\n# This output is used by Xcode 'outputs' to avoid re-running this script phase.\necho \"SUCCESS\" > \"${SCRIPT_OUTPUT_FILE_0}\"\n";
			showEnvVarsInLog = 0;
		};
		D7921355D00FDACAE67EC863 /* [CP] Check Pods Manifest.lock */ = {
			isa = PBXShellScriptBuildPhase;
			buildActionMask = 2147483647;
			files = (
			);
			inputFileListPaths = (
			);
			inputPaths = (
				"${PODS_PODFILE_DIR_PATH}/Podfile.lock",
				"${PODS_ROOT}/Manifest.lock",
			);
			name = "[CP] Check Pods Manifest.lock";
			outputFileListPaths = (
			);
			outputPaths = (
				"$(DERIVED_FILE_DIR)/Pods-test-testUITests-checkManifestLockResult.txt",
			);
			runOnlyForDeploymentPostprocessing = 0;
			shellPath = /bin/sh;
			shellScript = "diff \"${PODS_PODFILE_DIR_PATH}/Podfile.lock\" \"${PODS_ROOT}/Manifest.lock\" > /dev/null\nif [ $? != 0 ] ; then\n    # print error to STDERR\n    echo \"error: The sandbox is not in sync with the Podfile.lock. Run 'pod install' or update your CocoaPods installation.\" >&2\n    exit 1\nfi\n# This output is used by Xcode 'outputs' to avoid re-running this script phase.\necho \"SUCCESS\" > \"${SCRIPT_OUTPUT_FILE_0}\"\n";
			showEnvVarsInLog = 0;
		};
		E8C85014A616C1B53A6E6561 /* [CP] Embed Pods Frameworks */ = {
			isa = PBXShellScriptBuildPhase;
			buildActionMask = 2147483647;
			files = (
			);
			inputFileListPaths = (
				"${PODS_ROOT}/Target Support Files/Pods-test-testUITests/Pods-test-testUITests-frameworks-${CONFIGURATION}-input-files.xcfilelist",
			);
			name = "[CP] Embed Pods Frameworks";
			outputFileListPaths = (
				"${PODS_ROOT}/Target Support Files/Pods-test-testUITests/Pods-test-testUITests-frameworks-${CONFIGURATION}-output-files.xcfilelist",
			);
			runOnlyForDeploymentPostprocessing = 0;
			shellPath = /bin/sh;
			shellScript = "\"${PODS_ROOT}/Target Support Files/Pods-test-testUITests/Pods-test-testUITests-frameworks.sh\"\n";
			showEnvVarsInLog = 0;
		};
/* End PBXShellScriptBuildPhase section */

/* Begin PBXSourcesBuildPhase section */
		CEEC2FDF276C9EFF003898FC /* Sources */ = {
			isa = PBXSourcesBuildPhase;
			buildActionMask = 2147483647;
			files = (
				CEEC3017276CA6C9003898FC /* HomeController.swift in Sources */,
				CEEC2FEB276C9EFF003898FC /* ViewController.swift in Sources */,
				CEEC301A276CAAEF003898FC /* Service.swift in Sources */,
				CEEC301E276CDCBD003898FC /* PeopleController.swift in Sources */,
				CEEC2FE7276C9EFF003898FC /* AppDelegate.swift in Sources */,
				CEEC301C276CAFDC003898FC /* GetModel.swift in Sources */,
				CEEC3020276D1154003898FC /* GetMessageCount.swift in Sources */,
				CEEC3022276D2314003898FC /* DetailController.swift in Sources */,
				CEEC2FE9276C9EFF003898FC /* SceneDelegate.swift in Sources */,
			);
			runOnlyForDeploymentPostprocessing = 0;
		};
		CEEC2FF5276C9F00003898FC /* Sources */ = {
			isa = PBXSourcesBuildPhase;
			buildActionMask = 2147483647;
			files = (
				CEEC2FFE276C9F00003898FC /* testTests.swift in Sources */,
			);
			runOnlyForDeploymentPostprocessing = 0;
		};
		CEEC2FFF276C9F00003898FC /* Sources */ = {
			isa = PBXSourcesBuildPhase;
			buildActionMask = 2147483647;
			files = (
				CEEC300A276C9F00003898FC /* testUITestsLaunchTests.swift in Sources */,
				CEEC3008276C9F00003898FC /* testUITests.swift in Sources */,
			);
			runOnlyForDeploymentPostprocessing = 0;
		};
/* End PBXSourcesBuildPhase section */

/* Begin PBXTargetDependency section */
		CEEC2FFB276C9F00003898FC /* PBXTargetDependency */ = {
			isa = PBXTargetDependency;
			target = CEEC2FE2276C9EFF003898FC /* test */;
			targetProxy = CEEC2FFA276C9F00003898FC /* PBXContainerItemProxy */;
		};
		CEEC3005276C9F00003898FC /* PBXTargetDependency */ = {
			isa = PBXTargetDependency;
			target = CEEC2FE2276C9EFF003898FC /* test */;
			targetProxy = CEEC3004276C9F00003898FC /* PBXContainerItemProxy */;
		};
/* End PBXTargetDependency section */

/* Begin PBXVariantGroup section */
		CEEC2FEC276C9EFF003898FC /* Main.storyboard */ = {
			isa = PBXVariantGroup;
			children = (
				CEEC2FED276C9EFF003898FC /* Base */,
			);
			name = Main.storyboard;
			sourceTree = "<group>";
		};
		CEEC2FF1276C9F00003898FC /* LaunchScreen.storyboard */ = {
			isa = PBXVariantGroup;
			children = (
				CEEC2FF2276C9F00003898FC /* Base */,
			);
			name = LaunchScreen.storyboard;
			sourceTree = "<group>";
		};
/* End PBXVariantGroup section */

/* Begin XCBuildConfiguration section */
		CEEC300B276C9F00003898FC /* Debug */ = {
			isa = XCBuildConfiguration;
			buildSettings = {
				ALWAYS_SEARCH_USER_PATHS = NO;
				CLANG_ANALYZER_NONNULL = YES;
				CLANG_ANALYZER_NUMBER_OBJECT_CONVERSION = YES_AGGRESSIVE;
				CLANG_CXX_LANGUAGE_STANDARD = "gnu++17";
				CLANG_CXX_LIBRARY = "libc++";
				CLANG_ENABLE_MODULES = YES;
				CLANG_ENABLE_OBJC_ARC = YES;
				CLANG_ENABLE_OBJC_WEAK = YES;
				CLANG_WARN_BLOCK_CAPTURE_AUTORELEASING = YES;
				CLANG_WARN_BOOL_CONVERSION = YES;
				CLANG_WARN_COMMA = YES;
				CLANG_WARN_CONSTANT_CONVERSION = YES;
				CLANG_WARN_DEPRECATED_OBJC_IMPLEMENTATIONS = YES;
				CLANG_WARN_DIRECT_OBJC_ISA_USAGE = YES_ERROR;
				CLANG_WARN_DOCUMENTATION_COMMENTS = YES;
				CLANG_WARN_EMPTY_BODY = YES;
				CLANG_WARN_ENUM_CONVERSION = YES;
				CLANG_WARN_INFINITE_RECURSION = YES;
				CLANG_WARN_INT_CONVERSION = YES;
				CLANG_WARN_NON_LITERAL_NULL_CONVERSION = YES;
				CLANG_WARN_OBJC_IMPLICIT_RETAIN_SELF = YES;
				CLANG_WARN_OBJC_LITERAL_CONVERSION = YES;
				CLANG_WARN_OBJC_ROOT_CLASS = YES_ERROR;
				CLANG_WARN_QUOTED_INCLUDE_IN_FRAMEWORK_HEADER = YES;
				CLANG_WARN_RANGE_LOOP_ANALYSIS = YES;
				CLANG_WARN_STRICT_PROTOTYPES = YES;
				CLANG_WARN_SUSPICIOUS_MOVE = YES;
				CLANG_WARN_UNGUARDED_AVAILABILITY = YES_AGGRESSIVE;
				CLANG_WARN_UNREACHABLE_CODE = YES;
				CLANG_WARN__DUPLICATE_METHOD_MATCH = YES;
				COPY_PHASE_STRIP = NO;
				DEBUG_INFORMATION_FORMAT = dwarf;
				ENABLE_STRICT_OBJC_MSGSEND = YES;
				ENABLE_TESTABILITY = YES;
				GCC_C_LANGUAGE_STANDARD = gnu11;
				GCC_DYNAMIC_NO_PIC = NO;
				GCC_NO_COMMON_BLOCKS = YES;
				GCC_OPTIMIZATION_LEVEL = 0;
				GCC_PREPROCESSOR_DEFINITIONS = (
					"DEBUG=1",
					"$(inherited)",
				);
				GCC_WARN_64_TO_32_BIT_CONVERSION = YES;
				GCC_WARN_ABOUT_RETURN_TYPE = YES_ERROR;
				GCC_WARN_UNDECLARED_SELECTOR = YES;
				GCC_WARN_UNINITIALIZED_AUTOS = YES_AGGRESSIVE;
				GCC_WARN_UNUSED_FUNCTION = YES;
				GCC_WARN_UNUSED_VARIABLE = YES;
				IPHONEOS_DEPLOYMENT_TARGET = 15.0;
				MTL_ENABLE_DEBUG_INFO = INCLUDE_SOURCE;
				MTL_FAST_MATH = YES;
				ONLY_ACTIVE_ARCH = YES;
				SDKROOT = iphoneos;
				SWIFT_ACTIVE_COMPILATION_CONDITIONS = DEBUG;
				SWIFT_OPTIMIZATION_LEVEL = "-Onone";
			};
			name = Debug;
		};
		CEEC300C276C9F00003898FC /* Release */ = {
			isa = XCBuildConfiguration;
			buildSettings = {
				ALWAYS_SEARCH_USER_PATHS = NO;
				CLANG_ANALYZER_NONNULL = YES;
				CLANG_ANALYZER_NUMBER_OBJECT_CONVERSION = YES_AGGRESSIVE;
				CLANG_CXX_LANGUAGE_STANDARD = "gnu++17";
				CLANG_CXX_LIBRARY = "libc++";
				CLANG_ENABLE_MODULES = YES;
				CLANG_ENABLE_OBJC_ARC = YES;
				CLANG_ENABLE_OBJC_WEAK = YES;
				CLANG_WARN_BLOCK_CAPTURE_AUTORELEASING = YES;
				CLANG_WARN_BOOL_CONVERSION = YES;
				CLANG_WARN_COMMA = YES;
				CLANG_WARN_CONSTANT_CONVERSION = YES;
				CLANG_WARN_DEPRECATED_OBJC_IMPLEMENTATIONS = YES;
				CLANG_WARN_DIRECT_OBJC_ISA_USAGE = YES_ERROR;
				CLANG_WARN_DOCUMENTATION_COMMENTS = YES;
				CLANG_WARN_EMPTY_BODY = YES;
				CLANG_WARN_ENUM_CONVERSION = YES;
				CLANG_WARN_INFINITE_RECURSION = YES;
				CLANG_WARN_INT_CONVERSION = YES;
				CLANG_WARN_NON_LITERAL_NULL_CONVERSION = YES;
				CLANG_WARN_OBJC_IMPLICIT_RETAIN_SELF = YES;
				CLANG_WARN_OBJC_LITERAL_CONVERSION = YES;
				CLANG_WARN_OBJC_ROOT_CLASS = YES_ERROR;
				CLANG_WARN_QUOTED_INCLUDE_IN_FRAMEWORK_HEADER = YES;
				CLANG_WARN_RANGE_LOOP_ANALYSIS = YES;
				CLANG_WARN_STRICT_PROTOTYPES = YES;
				CLANG_WARN_SUSPICIOUS_MOVE = YES;
				CLANG_WARN_UNGUARDED_AVAILABILITY = YES_AGGRESSIVE;
				CLANG_WARN_UNREACHABLE_CODE = YES;
				CLANG_WARN__DUPLICATE_METHOD_MATCH = YES;
				COPY_PHASE_STRIP = NO;
				DEBUG_INFORMATION_FORMAT = "dwarf-with-dsym";
				ENABLE_NS_ASSERTIONS = NO;
				ENABLE_STRICT_OBJC_MSGSEND = YES;
				GCC_C_LANGUAGE_STANDARD = gnu11;
				GCC_NO_COMMON_BLOCKS = YES;
				GCC_WARN_64_TO_32_BIT_CONVERSION = YES;
				GCC_WARN_ABOUT_RETURN_TYPE = YES_ERROR;
				GCC_WARN_UNDECLARED_SELECTOR = YES;
				GCC_WARN_UNINITIALIZED_AUTOS = YES_AGGRESSIVE;
				GCC_WARN_UNUSED_FUNCTION = YES;
				GCC_WARN_UNUSED_VARIABLE = YES;
				IPHONEOS_DEPLOYMENT_TARGET = 15.0;
				MTL_ENABLE_DEBUG_INFO = NO;
				MTL_FAST_MATH = YES;
				SDKROOT = iphoneos;
				SWIFT_COMPILATION_MODE = wholemodule;
				SWIFT_OPTIMIZATION_LEVEL = "-O";
				VALIDATE_PRODUCT = YES;
			};
			name = Release;
		};
		CEEC300E276C9F00003898FC /* Debug */ = {
			isa = XCBuildConfiguration;
			baseConfigurationReference = 2422750E1EC036B8A609A71F /* Pods-test.debug.xcconfig */;
			buildSettings = {
				ASSETCATALOG_COMPILER_APPICON_NAME = AppIcon;
				ASSETCATALOG_COMPILER_GLOBAL_ACCENT_COLOR_NAME = AccentColor;
				CODE_SIGN_IDENTITY = "Apple Development";
				CODE_SIGN_STYLE = Manual;
				CURRENT_PROJECT_VERSION = 1;
				DEVELOPMENT_TEAM = "";
				GENERATE_INFOPLIST_FILE = YES;
				INFOPLIST_FILE = test/Info.plist;
				INFOPLIST_KEY_UIApplicationSupportsIndirectInputEvents = YES;
				INFOPLIST_KEY_UILaunchStoryboardName = LaunchScreen;
				INFOPLIST_KEY_UIMainStoryboardFile = Main;
				INFOPLIST_KEY_UISupportedInterfaceOrientations = UIInterfaceOrientationPortrait;
				INFOPLIST_KEY_UISupportedInterfaceOrientations_iPad = "UIInterfaceOrientationPortrait UIInterfaceOrientationPortraitUpsideDown UIInterfaceOrientationLandscapeLeft UIInterfaceOrientationLandscapeRight";
				INFOPLIST_KEY_UISupportedInterfaceOrientations_iPhone = "UIInterfaceOrientationPortrait UIInterfaceOrientationLandscapeLeft UIInterfaceOrientationLandscapeRight";
				IPHONEOS_DEPLOYMENT_TARGET = 13.0;
				LD_RUNPATH_SEARCH_PATHS = (
					"$(inherited)",
					"@executable_path/Frameworks",
				);
				MARKETING_VERSION = 1.0;
				PRODUCT_BUNDLE_IDENTIFIER = com.aprisma.test;
				PRODUCT_NAME = "$(TARGET_NAME)";
				PROVISIONING_PROFILE_SPECIFIER = "";
				SWIFT_EMIT_LOC_STRINGS = YES;
				SWIFT_VERSION = 5.0;
				TARGETED_DEVICE_FAMILY = 1;
			};
			name = Debug;
		};
		CEEC300F276C9F00003898FC /* Release */ = {
			isa = XCBuildConfiguration;
			baseConfigurationReference = 4340191D3026E2E3D8FC9756 /* Pods-test.release.xcconfig */;
			buildSettings = {
				ASSETCATALOG_COMPILER_APPICON_NAME = AppIcon;
				ASSETCATALOG_COMPILER_GLOBAL_ACCENT_COLOR_NAME = AccentColor;
				CODE_SIGN_IDENTITY = "iPhone Developer";
				CODE_SIGN_STYLE = Manual;
				CURRENT_PROJECT_VERSION = 1;
				DEVELOPMENT_TEAM = M7MAG5PK95;
				GENERATE_INFOPLIST_FILE = YES;
				INFOPLIST_FILE = test/Info.plist;
				INFOPLIST_KEY_UIApplicationSupportsIndirectInputEvents = YES;
				INFOPLIST_KEY_UILaunchStoryboardName = LaunchScreen;
				INFOPLIST_KEY_UIMainStoryboardFile = Main;
				INFOPLIST_KEY_UISupportedInterfaceOrientations = UIInterfaceOrientationPortrait;
				INFOPLIST_KEY_UISupportedInterfaceOrientations_iPad = "UIInterfaceOrientationPortrait UIInterfaceOrientationPortraitUpsideDown UIInterfaceOrientationLandscapeLeft UIInterfaceOrientationLandscapeRight";
				INFOPLIST_KEY_UISupportedInterfaceOrientations_iPhone = "UIInterfaceOrientationPortrait UIInterfaceOrientationLandscapeLeft UIInterfaceOrientationLandscapeRight";
				IPHONEOS_DEPLOYMENT_TARGET = 13.0;
				LD_RUNPATH_SEARCH_PATHS = (
					"$(inherited)",
					"@executable_path/Frameworks",
				);
				MARKETING_VERSION = 1.0;
				PRODUCT_BUNDLE_IDENTIFIER = com.aprisma.test;
				PRODUCT_NAME = "$(TARGET_NAME)";
				PROVISIONING_PROFILE_SPECIFIER = AprismaDevelopment;
				SWIFT_EMIT_LOC_STRINGS = YES;
				SWIFT_VERSION = 5.0;
				TARGETED_DEVICE_FAMILY = 1;
			};
			name = Release;
		};
		CEEC3011276C9F00003898FC /* Debug */ = {
			isa = XCBuildConfiguration;
			baseConfigurationReference = 4250A79AA1E165276C3E6152 /* Pods-testTests.debug.xcconfig */;
			buildSettings = {
				ALWAYS_EMBED_SWIFT_STANDARD_LIBRARIES = YES;
				BUNDLE_LOADER = "$(TEST_HOST)";
				CODE_SIGN_STYLE = Automatic;
				CURRENT_PROJECT_VERSION = 1;
				GENERATE_INFOPLIST_FILE = YES;
				IPHONEOS_DEPLOYMENT_TARGET = 15.0;
				LD_RUNPATH_SEARCH_PATHS = (
					"$(inherited)",
					"@executable_path/Frameworks",
					"@loader_path/Frameworks",
				);
				MARKETING_VERSION = 1.0;
				PRODUCT_BUNDLE_IDENTIFIER = com.testTests;
				PRODUCT_NAME = "$(TARGET_NAME)";
				SWIFT_EMIT_LOC_STRINGS = NO;
				SWIFT_VERSION = 5.0;
				TARGETED_DEVICE_FAMILY = "1,2";
				TEST_HOST = "$(BUILT_PRODUCTS_DIR)/test.app/test";
			};
			name = Debug;
		};
		CEEC3012276C9F00003898FC /* Release */ = {
			isa = XCBuildConfiguration;
			baseConfigurationReference = 69D679A27BC4FAC927F64427 /* Pods-testTests.release.xcconfig */;
			buildSettings = {
				ALWAYS_EMBED_SWIFT_STANDARD_LIBRARIES = YES;
				BUNDLE_LOADER = "$(TEST_HOST)";
				CODE_SIGN_STYLE = Automatic;
				CURRENT_PROJECT_VERSION = 1;
				GENERATE_INFOPLIST_FILE = YES;
				IPHONEOS_DEPLOYMENT_TARGET = 15.0;
				LD_RUNPATH_SEARCH_PATHS = (
					"$(inherited)",
					"@executable_path/Frameworks",
					"@loader_path/Frameworks",
				);
				MARKETING_VERSION = 1.0;
				PRODUCT_BUNDLE_IDENTIFIER = com.testTests;
				PRODUCT_NAME = "$(TARGET_NAME)";
				SWIFT_EMIT_LOC_STRINGS = NO;
				SWIFT_VERSION = 5.0;
				TARGETED_DEVICE_FAMILY = "1,2";
				TEST_HOST = "$(BUILT_PRODUCTS_DIR)/test.app/test";
			};
			name = Release;
		};
		CEEC3014276C9F00003898FC /* Debug */ = {
			isa = XCBuildConfiguration;
			baseConfigurationReference = 82B0F2502B3428F63FAF11D2 /* Pods-test-testUITests.debug.xcconfig */;
			buildSettings = {
				ALWAYS_EMBED_SWIFT_STANDARD_LIBRARIES = YES;
				CODE_SIGN_STYLE = Automatic;
				CURRENT_PROJECT_VERSION = 1;
				GENERATE_INFOPLIST_FILE = YES;
				LD_RUNPATH_SEARCH_PATHS = (
					"$(inherited)",
					"@executable_path/Frameworks",
					"@loader_path/Frameworks",
				);
				MARKETING_VERSION = 1.0;
				PRODUCT_BUNDLE_IDENTIFIER = com.testUITests;
				PRODUCT_NAME = "$(TARGET_NAME)";
				SWIFT_EMIT_LOC_STRINGS = NO;
				SWIFT_VERSION = 5.0;
				TARGETED_DEVICE_FAMILY = "1,2";
				TEST_TARGET_NAME = test;
			};
			name = Debug;
		};
		CEEC3015276C9F00003898FC /* Release */ = {
			isa = XCBuildConfiguration;
			baseConfigurationReference = 44BE22E973F04FA0A707AF7E /* Pods-test-testUITests.release.xcconfig */;
			buildSettings = {
				ALWAYS_EMBED_SWIFT_STANDARD_LIBRARIES = YES;
				CODE_SIGN_STYLE = Automatic;
				CURRENT_PROJECT_VERSION = 1;
				GENERATE_INFOPLIST_FILE = YES;
				LD_RUNPATH_SEARCH_PATHS = (
					"$(inherited)",
					"@executable_path/Frameworks",
					"@loader_path/Frameworks",
				);
				MARKETING_VERSION = 1.0;
				PRODUCT_BUNDLE_IDENTIFIER = com.testUITests;
				PRODUCT_NAME = "$(TARGET_NAME)";
				SWIFT_EMIT_LOC_STRINGS = NO;
				SWIFT_VERSION = 5.0;
				TARGETED_DEVICE_FAMILY = "1,2";
				TEST_TARGET_NAME = test;
			};
			name = Release;
		};
/* End XCBuildConfiguration section */

/* Begin XCConfigurationList section */
		CEEC2FDE276C9EFE003898FC /* Build configuration list for PBXProject "test" */ = {
			isa = XCConfigurationList;
			buildConfigurations = (
				CEEC300B276C9F00003898FC /* Debug */,
				CEEC300C276C9F00003898FC /* Release */,
			);
			defaultConfigurationIsVisible = 0;
			defaultConfigurationName = Release;
		};
		CEEC300D276C9F00003898FC /* Build configuration list for PBXNativeTarget "test" */ = {
			isa = XCConfigurationList;
			buildConfigurations = (
				CEEC300E276C9F00003898FC /* Debug */,
				CEEC300F276C9F00003898FC /* Release */,
			);
			defaultConfigurationIsVisible = 0;
			defaultConfigurationName = Release;
		};
		CEEC3010276C9F00003898FC /* Build configuration list for PBXNativeTarget "testTests" */ = {
			isa = XCConfigurationList;
			buildConfigurations = (
				CEEC3011276C9F00003898FC /* Debug */,
				CEEC3012276C9F00003898FC /* Release */,
			);
			defaultConfigurationIsVisible = 0;
			defaultConfigurationName = Release;
		};
		CEEC3013276C9F00003898FC /* Build configuration list for PBXNativeTarget "testUITests" */ = {
			isa = XCConfigurationList;
			buildConfigurations = (
				CEEC3014276C9F00003898FC /* Debug */,
				CEEC3015276C9F00003898FC /* Release */,
			);
			defaultConfigurationIsVisible = 0;
			defaultConfigurationName = Release;
		};
/* End XCConfigurationList section */
	};
	rootObject = CEEC2FDB276C9EFE003898FC /* Project object */;
}
